speakeasyVersion: 1.795.3
sources:
    Latitudesh-OAS:
        sourceNamespace: latitudesh-oas
        sourceRevisionDigest: sha256:b440fe85e63ad512b365d10a158eec7c083276b6ccc4210e5a9ca41998ee3ed1
        sourceBlobDigest: sha256:ccec0713535ec1d6d63e353815214ae9a1001c81fcc7a770665a7ea1817a2086
        tags:
            - latest
targets:
    latitudesh:
        source: Latitudesh-OAS
        sourceNamespace: latitudesh-oas
        sourceRevisionDigest: sha256:b440fe85e63ad512b365d10a158eec7c083276b6ccc4210e5a9ca41998ee3ed1
        sourceBlobDigest: sha256:ccec0713535ec1d6d63e353815214ae9a1001c81fcc7a770665a7ea1817a2086
        codeSamplesNamespace: latitudesh-oas-typescript-code-samples
        codeSamplesRevisionDigest: sha256:47cf09a2af5414c1a369792422c60766ffb4323578246f5fa89597125fd3cfe5
workflow:
    workflowVersion: 1.0.0
    speakeasyVersion: latest
    sources:
        Latitudesh-OAS:
            inputs:
                - location: registry.speakeasyapi.dev/latitude/latitude/latitudesh-oas:main
            registry:
                location: registry.speakeasyapi.dev/latitude/latitude/latitudesh-oas
    targets:
        latitudesh:
            target: typescript
            source: Latitudesh-OAS
            publish:
                npm:
                    token: $npm_token
            codeSamples:
                registry:
                    location: registry.speakeasyapi.dev/latitude/latitude/latitudesh-oas-typescript-code-samples
                labelOverride:
                    fixedValue: Typescript (SDK)
                blocking: false
