speakeasyVersion: 1.788.0
sources:
    Latitudesh-OAS:
        sourceNamespace: latitudesh-oas
        sourceRevisionDigest: sha256:4efb59b9561ae3da16b66ad7f622392b359e415ac35b3106d0b7b3150de57b2e
        sourceBlobDigest: sha256:c86524a52e3443910a200e25f4fe716c38067aaac05d665acc3cb07aed946ce6
        tags:
            - latest
targets:
    latitudesh:
        source: Latitudesh-OAS
        sourceNamespace: latitudesh-oas
        sourceRevisionDigest: sha256:4efb59b9561ae3da16b66ad7f622392b359e415ac35b3106d0b7b3150de57b2e
        sourceBlobDigest: sha256:c86524a52e3443910a200e25f4fe716c38067aaac05d665acc3cb07aed946ce6
        codeSamplesNamespace: latitudesh-oas-typescript-code-samples
        codeSamplesRevisionDigest: sha256:d7802648969b1bd798ae434d3304633ded5d62912d62ef4dd05a7235b121551f
workflow:
    workflowVersion: 1.0.0
    speakeasyVersion: latest
    sources:
        Latitudesh-OAS:
            inputs:
                - location: registry.speakeasyapi.dev/latitude/latitude/latitudesh-oas:main
            registry:
                location: registry.speakeasyapi.dev/latitude/latitude/latitudesh-oas
    targets:
        latitudesh:
            target: typescript
            source: Latitudesh-OAS
            publish:
                npm:
                    token: $npm_token
            codeSamples:
                registry:
                    location: registry.speakeasyapi.dev/latitude/latitude/latitudesh-oas-typescript-code-samples
                labelOverride:
                    fixedValue: Typescript (SDK)
                blocking: false
