speakeasyVersion: 1.791.4
sources:
    Latitudesh-OAS:
        sourceNamespace: latitudesh-oas
        sourceRevisionDigest: sha256:dc0710619ad9fd3f83f63548d0cf13b8f37bdfe065ed0dcec9c627964dc3b36d
        sourceBlobDigest: sha256:7cd5e72b93744552458e4923346127980da4a04d936aaa55ea5c0550086b400f
        tags:
            - latest
targets:
    latitudesh:
        source: Latitudesh-OAS
        sourceNamespace: latitudesh-oas
        sourceRevisionDigest: sha256:dc0710619ad9fd3f83f63548d0cf13b8f37bdfe065ed0dcec9c627964dc3b36d
        sourceBlobDigest: sha256:7cd5e72b93744552458e4923346127980da4a04d936aaa55ea5c0550086b400f
        codeSamplesNamespace: latitudesh-oas-typescript-code-samples
        codeSamplesRevisionDigest: sha256:de9dc61bc23ae638e6f36048886ab5073bb939161dfbd07d6efd816b814732cc
workflow:
    workflowVersion: 1.0.0
    speakeasyVersion: latest
    sources:
        Latitudesh-OAS:
            inputs:
                - location: registry.speakeasyapi.dev/latitude/latitude/latitudesh-oas:main
            registry:
                location: registry.speakeasyapi.dev/latitude/latitude/latitudesh-oas
    targets:
        latitudesh:
            target: typescript
            source: Latitudesh-OAS
            publish:
                npm:
                    token: $npm_token
            codeSamples:
                registry:
                    location: registry.speakeasyapi.dev/latitude/latitude/latitudesh-oas-typescript-code-samples
                labelOverride:
                    fixedValue: Typescript (SDK)
                blocking: false
